// !$*UTF8*$!
{
	archiveVersion = 1;
	classes = {
	};
	objectVersion = 46;
	objects = {

/* Begin PBXBuildFile section */
		E2E8437CB0C3D72D4C206E6D /* Pods_AntDebug.framework in Frameworks */ = {isa = PBXBuildFile; fileRef = 4CFF9AD5932A4376499DBEAB /* Pods_AntDebug.framework */; };
		FE0D9BF61DE57C3B00B53D15 /* AntDebugBar.swift in Sources */ = {isa = PBXBuildFile; fileRef = FE0D9BEA1DE57C3B00B53D15 /* AntDebugBar.swift */; };
		FE0D9BF71DE57C3B00B53D15 /* AntDebugRuler.swift in Sources */ = {isa = PBXBuildFile; fileRef = FE0D9BEB1DE57C3B00B53D15 /* AntDebugRuler.swift */; };
		FE0D9BF81DE57C3B00B53D15 /* AntGALogWindow.swift in Sources */ = {isa = PBXBuildFile; fileRef = FE0D9BEC1DE57C3B00B53D15 /* AntGALogWindow.swift */; };
		FE0D9BF91DE57C3B00B53D15 /* AntRulerHorizontalView.swift in Sources */ = {isa = PBXBuildFile; fileRef = FE0D9BED1DE57C3B00B53D15 /* AntRulerHorizontalView.swift */; };
		FE0D9BFA1DE57C3B00B53D15 /* AntRulerVerticalView.swift in Sources */ = {isa = PBXBuildFile; fileRef = FE0D9BEE1DE57C3B00B53D15 /* AntRulerVerticalView.swift */; };
		FE0D9BFB1DE57C3B00B53D15 /* AntColorUtil.swift in Sources */ = {isa = PBXBuildFile; fileRef = FE0D9BF11DE57C3B00B53D15 /* AntColorUtil.swift */; };
		FE0D9BFC1DE57C3B00B53D15 /* AntDateUtil.swift in Sources */ = {isa = PBXBuildFile; fileRef = FE0D9BF21DE57C3B00B53D15 /* AntDateUtil.swift */; };
		FE0D9BFD1DE57C3B00B53D15 /* AntFileUtil.swift in Sources */ = {isa = PBXBuildFile; fileRef = FE0D9BF31DE57C3B00B53D15 /* AntFileUtil.swift */; };
		FE0D9BFE1DE57C3B00B53D15 /* AntImageUtil.swift in Sources */ = {isa = PBXBuildFile; fileRef = FE0D9BF41DE57C3B00B53D15 /* AntImageUtil.swift */; };
		FE0D9BFF1DE57C3B00B53D15 /* AntStringUtil.swift in Sources */ = {isa = PBXBuildFile; fileRef = FE0D9BF51DE57C3B00B53D15 /* AntStringUtil.swift */; };
		FE47960D1DDBFFFF000C75C2 /* AppDelegate.swift in Sources */ = {isa = PBXBuildFile; fileRef = FE47960C1DDBFFFF000C75C2 /* AppDelegate.swift */; };
		FE47960F1DDBFFFF000C75C2 /* ViewController.swift in Sources */ = {isa = PBXBuildFile; fileRef = FE47960E1DDBFFFF000C75C2 /* ViewController.swift */; };
		FE4796121DDBFFFF000C75C2 /* Main.storyboard in Resources */ = {isa = PBXBuildFile; fileRef = FE4796101DDBFFFF000C75C2 /* Main.storyboard */; };
		FE4796141DDBFFFF000C75C2 /* Assets.xcassets in Resources */ = {isa = PBXBuildFile; fileRef = FE4796131DDBFFFF000C75C2 /* Assets.xcassets */; };
		FE4796171DDBFFFF000C75C2 /* LaunchScreen.storyboard in Resources */ = {isa = PBXBuildFile; fileRef = FE4796151DDBFFFF000C75C2 /* LaunchScreen.storyboard */; };
/* End PBXBuildFile section */

/* Begin PBXFileReference section */
		1D182F0F2A27A7DEAD79CBFE /* Pods-AntDebug.debug.xcconfig */ = {isa = PBXFileReference; includeInIndex = 1; lastKnownFileType = text.xcconfig; name = "Pods-AntDebug.debug.xcconfig"; path = "Pods/Target Support Files/Pods-AntDebug/Pods-AntDebug.debug.xcconfig"; sourceTree = "<group>"; };
		4CFF9AD5932A4376499DBEAB /* Pods_AntDebug.framework */ = {isa = PBXFileReference; explicitFileType = wrapper.framework; includeInIndex = 0; path = Pods_AntDebug.framework; sourceTree = BUILT_PRODUCTS_DIR; };
		DD61078423597DCEA0E0FD9F /* Pods-AntDebug.release.xcconfig */ = {isa = PBXFileReference; includeInIndex = 1; lastKnownFileType = text.xcconfig; name = "Pods-AntDebug.release.xcconfig"; path = "Pods/Target Support Files/Pods-AntDebug/Pods-AntDebug.release.xcconfig"; sourceTree = "<group>"; };
		FE0D9BEA1DE57C3B00B53D15 /* AntDebugBar.swift */ = {isa = PBXFileReference; fileEncoding = 4; lastKnownFileType = sourcecode.swift; path = AntDebugBar.swift; sourceTree = "<group>"; };
		FE0D9BEB1DE57C3B00B53D15 /* AntDebugRuler.swift */ = {isa = PBXFileReference; fileEncoding = 4; lastKnownFileType = sourcecode.swift; path = AntDebugRuler.swift; sourceTree = "<group>"; };
		FE0D9BEC1DE57C3B00B53D15 /* AntGALogWindow.swift */ = {isa = PBXFileReference; fileEncoding = 4; lastKnownFileType = sourcecode.swift; path = AntGALogWindow.swift; sourceTree = "<group>"; };
		FE0D9BED1DE57C3B00B53D15 /* AntRulerHorizontalView.swift */ = {isa = PBXFileReference; fileEncoding = 4; lastKnownFileType = sourcecode.swift; path = AntRulerHorizontalView.swift; sourceTree = "<group>"; };
		FE0D9BEE1DE57C3B00B53D15 /* AntRulerVerticalView.swift */ = {isa = PBXFileReference; fileEncoding = 4; lastKnownFileType = sourcecode.swift; path = AntRulerVerticalView.swift; sourceTree = "<group>"; };
		FE0D9BF11DE57C3B00B53D15 /* AntColorUtil.swift */ = {isa = PBXFileReference; fileEncoding = 4; lastKnownFileType = sourcecode.swift; path = AntColorUtil.swift; sourceTree = "<group>"; };
		FE0D9BF21DE57C3B00B53D15 /* AntDateUtil.swift */ = {isa = PBXFileReference; fileEncoding = 4; lastKnownFileType = sourcecode.swift; path = AntDateUtil.swift; sourceTree = "<group>"; };
		FE0D9BF31DE57C3B00B53D15 /* AntFileUtil.swift */ = {isa = PBXFileReference; fileEncoding = 4; lastKnownFileType = sourcecode.swift; path = AntFileUtil.swift; sourceTree = "<group>"; };
		FE0D9BF41DE57C3B00B53D15 /* AntImageUtil.swift */ = {isa = PBXFileReference; fileEncoding = 4; lastKnownFileType = sourcecode.swift; path = AntImageUtil.swift; sourceTree = "<group>"; };
		FE0D9BF51DE57C3B00B53D15 /* AntStringUtil.swift */ = {isa = PBXFileReference; fileEncoding = 4; lastKnownFileType = sourcecode.swift; path = AntStringUtil.swift; sourceTree = "<group>"; };
		FE4796091DDBFFFF000C75C2 /* AntDebug.app */ = {isa = PBXFileReference; explicitFileType = wrapper.application; includeInIndex = 0; path = AntDebug.app; sourceTree = BUILT_PRODUCTS_DIR; };
		FE47960C1DDBFFFF000C75C2 /* AppDelegate.swift */ = {isa = PBXFileReference; lastKnownFileType = sourcecode.swift; path = AppDelegate.swift; sourceTree = "<group>"; };
		FE47960E1DDBFFFF000C75C2 /* ViewController.swift */ = {isa = PBXFileReference; lastKnownFileType = sourcecode.swift; path = ViewController.swift; sourceTree = "<group>"; };
		FE4796111DDBFFFF000C75C2 /* Base */ = {isa = PBXFileReference; lastKnownFileType = file.storyboard; name = Base; path = Base.lproj/Main.storyboard; sourceTree = "<group>"; };
		FE4796131DDBFFFF000C75C2 /* Assets.xcassets */ = {isa = PBXFileReference; lastKnownFileType = folder.assetcatalog; path = Assets.xcassets; sourceTree = "<group>"; };
		FE4796161DDBFFFF000C75C2 /* Base */ = {isa = PBXFileReference; lastKnownFileType = file.storyboard; name = Base; path = Base.lproj/LaunchScreen.storyboard; sourceTree = "<group>"; };
		FE4796181DDBFFFF000C75C2 /* Info.plist */ = {isa = PBXFileReference; lastKnownFileType = text.plist.xml; path = Info.plist; sourceTree = "<group>"; };
/* End PBXFileReference section */

/* Begin PBXFrameworksBuildPhase section */
		FE4796061DDBFFFF000C75C2 /* Frameworks */ = {
			isa = PBXFrameworksBuildPhase;
			buildActionMask = 2147483647;
			files = (
				E2E8437CB0C3D72D4C206E6D /* Pods_AntDebug.framework in Frameworks */,
			);
			runOnlyForDeploymentPostprocessing = 0;
		};
/* End PBXFrameworksBuildPhase section */

/* Begin PBXGroup section */
		88A6FB36896D3FCE260EE7E1 /* Pods */ = {
			isa = PBXGroup;
			children = (
				1D182F0F2A27A7DEAD79CBFE /* Pods-AntDebug.debug.xcconfig */,
				DD61078423597DCEA0E0FD9F /* Pods-AntDebug.release.xcconfig */,
			);
			name = Pods;
			sourceTree = "<group>";
		};
		D7F2DB5F3BD58A17ED541CAF /* Frameworks */ = {
			isa = PBXGroup;
			children = (
				4CFF9AD5932A4376499DBEAB /* Pods_AntDebug.framework */,
			);
			name = Frameworks;
			sourceTree = "<group>";
		};
		FE0D9BE91DE57C3B00B53D15 /* AntBar */ = {
			isa = PBXGroup;
			children = (
				FE0D9BEA1DE57C3B00B53D15 /* AntDebugBar.swift */,
				FE0D9BEB1DE57C3B00B53D15 /* AntDebugRuler.swift */,
				FE0D9BEC1DE57C3B00B53D15 /* AntGALogWindow.swift */,
				FE0D9BED1DE57C3B00B53D15 /* AntRulerHorizontalView.swift */,
				FE0D9BEE1DE57C3B00B53D15 /* AntRulerVerticalView.swift */,
			);
			path = AntBar;
			sourceTree = "<group>";
		};
		FE0D9BEF1DE57C3B00B53D15 /* AntLog */ = {
			isa = PBXGroup;
			children = (
			);
			path = AntLog;
			sourceTree = "<group>";
		};
		FE0D9BF01DE57C3B00B53D15 /* AntUtil */ = {
			isa = PBXGroup;
			children = (
				FE0D9BF11DE57C3B00B53D15 /* AntColorUtil.swift */,
				FE0D9BF21DE57C3B00B53D15 /* AntDateUtil.swift */,
				FE0D9BF31DE57C3B00B53D15 /* AntFileUtil.swift */,
				FE0D9BF41DE57C3B00B53D15 /* AntImageUtil.swift */,
				FE0D9BF51DE57C3B00B53D15 /* AntStringUtil.swift */,
			);
			path = AntUtil;
			sourceTree = "<group>";
		};
		FE4796001DDBFFFF000C75C2 = {
			isa = PBXGroup;
			children = (
				FE47960B1DDBFFFF000C75C2 /* AntDebug */,
				FE47960A1DDBFFFF000C75C2 /* Products */,
				88A6FB36896D3FCE260EE7E1 /* Pods */,
				D7F2DB5F3BD58A17ED541CAF /* Frameworks */,
			);
			sourceTree = "<group>";
		};
		FE47960A1DDBFFFF000C75C2 /* Products */ = {
			isa = PBXGroup;
			children = (
				FE4796091DDBFFFF000C75C2 /* AntDebug.app */,
			);
			name = Products;
			sourceTree = "<group>";
		};
		FE47960B1DDBFFFF000C75C2 /* AntDebug */ = {
			isa = PBXGroup;
			children = (
				FE47961E1DDC0035000C75C2 /* Sources */,
				FE47960C1DDBFFFF000C75C2 /* AppDelegate.swift */,
				FE47960E1DDBFFFF000C75C2 /* ViewController.swift */,
				FE4796101DDBFFFF000C75C2 /* Main.storyboard */,
				FE4796131DDBFFFF000C75C2 /* Assets.xcassets */,
				FE4796151DDBFFFF000C75C2 /* LaunchScreen.storyboard */,
				FE4796181DDBFFFF000C75C2 /* Info.plist */,
			);
			path = AntDebug;
			sourceTree = "<group>";
		};
		FE47961E1DDC0035000C75C2 /* Sources */ = {
			isa = PBXGroup;
			children = (
				FE0D9BE91DE57C3B00B53D15 /* AntBar */,
				FE0D9BEF1DE57C3B00B53D15 /* AntLog */,
				FE0D9BF01DE57C3B00B53D15 /* AntUtil */,
			);
			path = Sources;
			sourceTree = "<group>";
		};
/* End PBXGroup section */

/* Begin PBXNativeTarget section */
		FE4796081DDBFFFF000C75C2 /* AntDebug */ = {
			isa = PBXNativeTarget;
			buildConfigurationList = FE47961B1DDBFFFF000C75C2 /* Build configuration list for PBXNativeTarget "AntDebug" */;
			buildPhases = (
				5ADFD9CA380DD23CD13C0A98 /* [CP] Check Pods Manifest.lock */,
				FE4796051DDBFFFF000C75C2 /* Sources */,
				FE4796061DDBFFFF000C75C2 /* Frameworks */,
				FE4796071DDBFFFF000C75C2 /* Resources */,
				7AA872B7F834B431DC60A461 /* [CP] Embed Pods Frameworks */,
				5723E833BD4DBD03CCC627C4 /* [CP] Copy Pods Resources */,
			);
			buildRules = (
			);
			dependencies = (
			);
			name = AntDebug;
			productName = AntDebug;
			productReference = FE4796091DDBFFFF000C75C2 /* AntDebug.app */;
			productType = "com.apple.product-type.application";
		};
/* End PBXNativeTarget section */

/* Begin PBXProject section */
		FE4796011DDBFFFF000C75C2 /* Project object */ = {
			isa = PBXProject;
			attributes = {
				LastSwiftUpdateCheck = 0810;
				LastUpgradeCheck = 0810;
				ORGANIZATIONNAME = "上海凌晋信息技术有限公司";
				TargetAttributes = {
					FE4796081DDBFFFF000C75C2 = {
						CreatedOnToolsVersion = 8.1;
						DevelopmentTeam = 6RRV39ZH3P;
						ProvisioningStyle = Automatic;
					};
				};
			};
			buildConfigurationList = FE4796041DDBFFFF000C75C2 /* Build configuration list for PBXProject "AntDebug" */;
			compatibilityVersion = "Xcode 3.2";
			developmentRegion = English;
			hasScannedForEncodings = 0;
			knownRegions = (
				en,
				Base,
			);
			mainGroup = FE4796001DDBFFFF000C75C2;
			productRefGroup = FE47960A1DDBFFFF000C75C2 /* Products */;
			projectDirPath = "";
			projectRoot = "";
			targets = (
				FE4796081DDBFFFF000C75C2 /* AntDebug */,
			);
		};
/* End PBXProject section */

/* Begin PBXResourcesBuildPhase section */
		FE4796071DDBFFFF000C75C2 /* Resources */ = {
			isa = PBXResourcesBuildPhase;
			buildActionMask = 2147483647;
			files = (
				FE4796171DDBFFFF000C75C2 /* LaunchScreen.storyboard in Resources */,
				FE4796141DDBFFFF000C75C2 /* Assets.xcassets in Resources */,
				FE4796121DDBFFFF000C75C2 /* Main.storyboard in Resources */,
			);
			runOnlyForDeploymentPostprocessing = 0;
		};
/* End PBXResourcesBuildPhase section */

/* Begin PBXShellScriptBuildPhase section */
		5723E833BD4DBD03CCC627C4 /* [CP] Copy Pods Resources */ = {
			isa = PBXShellScriptBuildPhase;
			buildActionMask = 2147483647;
			files = (
			);
			inputPaths = (
			);
			name = "[CP] Copy Pods Resources";
			outputPaths = (
			);
			runOnlyForDeploymentPostprocessing = 0;
			shellPath = /bin/sh;
			shellScript = "\"${SRCROOT}/Pods/Target Support Files/Pods-AntDebug/Pods-AntDebug-resources.sh\"\n";
			showEnvVarsInLog = 0;
		};
		5ADFD9CA380DD23CD13C0A98 /* [CP] Check Pods Manifest.lock */ = {
			isa = PBXShellScriptBuildPhase;
			buildActionMask = 2147483647;
			files = (
			);
			inputPaths = (
			);
			name = "[CP] Check Pods Manifest.lock";
			outputPaths = (
			);
			runOnlyForDeploymentPostprocessing = 0;
			shellPath = /bin/sh;
			shellScript = "diff \"${PODS_ROOT}/../Podfile.lock\" \"${PODS_ROOT}/Manifest.lock\" > /dev/null\nif [ $? != 0 ] ; then\n    # print error to STDERR\n    echo \"error: The sandbox is not in sync with the Podfile.lock. Run 'pod install' or update your CocoaPods installation.\" >&2\n    exit 1\nfi\n";
			showEnvVarsInLog = 0;
		};
		7AA872B7F834B431DC60A461 /* [CP] Embed Pods Frameworks */ = {
			isa = PBXShellScriptBuildPhase;
			buildActionMask = 2147483647;
			files = (
			);
			inputPaths = (
			);
			name = "[CP] Embed Pods Frameworks";
			outputPaths = (
			);
			runOnlyForDeploymentPostprocessing = 0;
			shellPath = /bin/sh;
			shellScript = "\"${SRCROOT}/Pods/Target Support Files/Pods-AntDebug/Pods-AntDebug-frameworks.sh\"\n";
			showEnvVarsInLog = 0;
		};
/* End PBXShellScriptBuildPhase section */

/* Begin PBXSourcesBuildPhase section */
		FE4796051DDBFFFF000C75C2 /* Sources */ = {
			isa = PBXSourcesBuildPhase;
			buildActionMask = 2147483647;
			files = (
				FE0D9BFC1DE57C3B00B53D15 /* AntDateUtil.swift in Sources */,
				FE0D9BF81DE57C3B00B53D15 /* AntGALogWindow.swift in Sources */,
				FE47960F1DDBFFFF000C75C2 /* ViewController.swift in Sources */,
				FE0D9BF61DE57C3B00B53D15 /* AntDebugBar.swift in Sources */,
				FE0D9BFE1DE57C3B00B53D15 /* AntImageUtil.swift in Sources */,
				FE0D9BFA1DE57C3B00B53D15 /* AntRulerVerticalView.swift in Sources */,
				FE0D9BFD1DE57C3B00B53D15 /* AntFileUtil.swift in Sources */,
				FE0D9BF91DE57C3B00B53D15 /* AntRulerHorizontalView.swift in Sources */,
				FE0D9BFB1DE57C3B00B53D15 /* AntColorUtil.swift in Sources */,
				FE0D9BF71DE57C3B00B53D15 /* AntDebugRuler.swift in Sources */,
				FE0D9BFF1DE57C3B00B53D15 /* AntStringUtil.swift in Sources */,
				FE47960D1DDBFFFF000C75C2 /* AppDelegate.swift in Sources */,
			);
			runOnlyForDeploymentPostprocessing = 0;
		};
/* End PBXSourcesBuildPhase section */

/* Begin PBXVariantGroup section */
		FE4796101DDBFFFF000C75C2 /* Main.storyboard */ = {
			isa = PBXVariantGroup;
			children = (
				FE4796111DDBFFFF000C75C2 /* Base */,
			);
			name = Main.storyboard;
			sourceTree = "<group>";
		};
		FE4796151DDBFFFF000C75C2 /* LaunchScreen.storyboard */ = {
			isa = PBXVariantGroup;
			children = (
				FE4796161DDBFFFF000C75C2 /* Base */,
			);
			name = LaunchScreen.storyboard;
			sourceTree = "<group>";
		};
/* End PBXVariantGroup section */

/* Begin XCBuildConfiguration section */
		FE4796191DDBFFFF000C75C2 /* Debug */ = {
			isa = XCBuildConfiguration;
			buildSettings = {
				ALWAYS_SEARCH_USER_PATHS = NO;
				CLANG_ANALYZER_NONNULL = YES;
				CLANG_CXX_LANGUAGE_STANDARD = "gnu++0x";
				CLANG_CXX_LIBRARY = "libc++";
				CLANG_ENABLE_MODULES = YES;
				CLANG_ENABLE_OBJC_ARC = YES;
				CLANG_WARN_BOOL_CONVERSION = YES;
				CLANG_WARN_CONSTANT_CONVERSION = YES;
				CLANG_WARN_DIRECT_OBJC_ISA_USAGE = YES_ERROR;
				CLANG_WARN_DOCUMENTATION_COMMENTS = YES;
				CLANG_WARN_EMPTY_BODY = YES;
				CLANG_WARN_ENUM_CONVERSION = YES;
				CLANG_WARN_INFINITE_RECURSION = YES;
				CLANG_WARN_INT_CONVERSION = YES;
				CLANG_WARN_OBJC_ROOT_CLASS = YES_ERROR;
				CLANG_WARN_SUSPICIOUS_MOVES = YES;
				CLANG_WARN_UNREACHABLE_CODE = YES;
				CLANG_WARN__DUPLICATE_METHOD_MATCH = YES;
				"CODE_SIGN_IDENTITY[sdk=iphoneos*]" = "iPhone Developer";
				COPY_PHASE_STRIP = NO;
				DEBUG_INFORMATION_FORMAT = dwarf;
				ENABLE_STRICT_OBJC_MSGSEND = YES;
				ENABLE_TESTABILITY = YES;
				GCC_C_LANGUAGE_STANDARD = gnu99;
				GCC_DYNAMIC_NO_PIC = NO;
				GCC_NO_COMMON_BLOCKS = YES;
				GCC_OPTIMIZATION_LEVEL = 0;
				GCC_PREPROCESSOR_DEFINITIONS = (
					"DEBUG=1",
					"$(inherited)",
				);
				GCC_WARN_64_TO_32_BIT_CONVERSION = YES;
				GCC_WARN_ABOUT_RETURN_TYPE = YES_ERROR;
				GCC_WARN_UNDECLARED_SELECTOR = YES;
				GCC_WARN_UNINITIALIZED_AUTOS = YES_AGGRESSIVE;
				GCC_WARN_UNUSED_FUNCTION = YES;
				GCC_WARN_UNUSED_VARIABLE = YES;
				IPHONEOS_DEPLOYMENT_TARGET = 10.0;
				MTL_ENABLE_DEBUG_INFO = YES;
				ONLY_ACTIVE_ARCH = YES;
				SDKROOT = iphoneos;
				SWIFT_ACTIVE_COMPILATION_CONDITIONS = DEBUG;
				SWIFT_OPTIMIZATION_LEVEL = "-Onone";
			};
			name = Debug;
		};
		FE47961A1DDBFFFF000C75C2 /* Release */ = {
			isa = XCBuildConfiguration;
			buildSettings = {
				ALWAYS_SEARCH_USER_PATHS = NO;
				CLANG_ANALYZER_NONNULL = YES;
				CLANG_CXX_LANGUAGE_STANDARD = "gnu++0x";
				CLANG_CXX_LIBRARY = "libc++";
				CLANG_ENABLE_MODULES = YES;
				CLANG_ENABLE_OBJC_ARC = YES;
				CLANG_WARN_BOOL_CONVERSION = YES;
				CLANG_WARN_CONSTANT_CONVERSION = YES;
				CLANG_WARN_DIRECT_OBJC_ISA_USAGE = YES_ERROR;
				CLANG_WARN_DOCUMENTATION_COMMENTS = YES;
				CLANG_WARN_EMPTY_BODY = YES;
				CLANG_WARN_ENUM_CONVERSION = YES;
				CLANG_WARN_INFINITE_RECURSION = YES;
				CLANG_WARN_INT_CONVERSION = YES;
				CLANG_WARN_OBJC_ROOT_CLASS = YES_ERROR;
				CLANG_WARN_SUSPICIOUS_MOVES = YES;
				CLANG_WARN_UNREACHABLE_CODE = YES;
				CLANG_WARN__DUPLICATE_METHOD_MATCH = YES;
				"CODE_SIGN_IDENTITY[sdk=iphoneos*]" = "iPhone Developer";
				COPY_PHASE_STRIP = NO;
				DEBUG_INFORMATION_FORMAT = "dwarf-with-dsym";
				ENABLE_NS_ASSERTIONS = NO;
				ENABLE_STRICT_OBJC_MSGSEND = YES;
				GCC_C_LANGUAGE_STANDARD = gnu99;
				GCC_NO_COMMON_BLOCKS = YES;
				GCC_WARN_64_TO_32_BIT_CONVERSION = YES;
				GCC_WARN_ABOUT_RETURN_TYPE = YES_ERROR;
				GCC_WARN_UNDECLARED_SELECTOR = YES;
				GCC_WARN_UNINITIALIZED_AUTOS = YES_AGGRESSIVE;
				GCC_WARN_UNUSED_FUNCTION = YES;
				GCC_WARN_UNUSED_VARIABLE = YES;
				IPHONEOS_DEPLOYMENT_TARGET = 10.0;
				MTL_ENABLE_DEBUG_INFO = NO;
				SDKROOT = iphoneos;
				SWIFT_OPTIMIZATION_LEVEL = "-Owholemodule";
				VALIDATE_PRODUCT = YES;
			};
			name = Release;
		};
		FE47961C1DDBFFFF000C75C2 /* Debug */ = {
			isa = XCBuildConfiguration;
			baseConfigurationReference = 1D182F0F2A27A7DEAD79CBFE /* Pods-AntDebug.debug.xcconfig */;
			buildSettings = {
				ASSETCATALOG_COMPILER_APPICON_NAME = AppIcon;
				DEVELOPMENT_TEAM = 6RRV39ZH3P;
				INFOPLIST_FILE = AntDebug/Info.plist;
				IPHONEOS_DEPLOYMENT_TARGET = 10.0;
				LD_RUNPATH_SEARCH_PATHS = "$(inherited) @executable_path/Frameworks";
				PRODUCT_BUNDLE_IDENTIFIER = cn.com.linkim.demo;
				PRODUCT_NAME = "$(TARGET_NAME)";
				SWIFT_VERSION = 3.0;
			};
			name = Debug;
		};
		FE47961D1DDBFFFF000C75C2 /* Release */ = {
			isa = XCBuildConfiguration;
			baseConfigurationReference = DD61078423597DCEA0E0FD9F /* Pods-AntDebug.release.xcconfig */;
			buildSettings = {
				ASSETCATALOG_COMPILER_APPICON_NAME = AppIcon;
				DEVELOPMENT_TEAM = 6RRV39ZH3P;
				INFOPLIST_FILE = AntDebug/Info.plist;
				IPHONEOS_DEPLOYMENT_TARGET = 10.0;
				LD_RUNPATH_SEARCH_PATHS = "$(inherited) @executable_path/Frameworks";
				PRODUCT_BUNDLE_IDENTIFIER = cn.com.linkim.demo;
				PRODUCT_NAME = "$(TARGET_NAME)";
				SWIFT_VERSION = 3.0;
			};
			name = Release;
		};
/* End XCBuildConfiguration section */

/* Begin XCConfigurationList section */
		FE4796041DDBFFFF000C75C2 /* Build configuration list for PBXProject "AntDebug" */ = {
			isa = XCConfigurationList;
			buildConfigurations = (
				FE4796191DDBFFFF000C75C2 /* Debug */,
				FE47961A1DDBFFFF000C75C2 /* Release */,
			);
			defaultConfigurationIsVisible = 0;
			defaultConfigurationName = Release;
		};
		FE47961B1DDBFFFF000C75C2 /* Build configuration list for PBXNativeTarget "AntDebug" */ = {
			isa = XCConfigurationList;
			buildConfigurations = (
				FE47961C1DDBFFFF000C75C2 /* Debug */,
				FE47961D1DDBFFFF000C75C2 /* Release */,
			);
			defaultConfigurationIsVisible = 0;
			defaultConfigurationName = Release;
		};
/* End XCConfigurationList section */
	};
	rootObject = FE4796011DDBFFFF000C75C2 /* Project object */;
}
